
Microsoft Visual Studio Solution File, Format Version 12.00
# Visual Studio 2013
VisualStudioVersion = 12.0.21005.1
MinimumVisualStudioVersion = 10.0.40219.1
Project("{FAE04EC0-301F-11D3-BF4B-00C04F79EFBC}") = "ServiceInterfaceFramework", "ServiceInterfaceFramework\ServiceInterfaceFramework.csproj", "{976D45A9-E481-4B96-BA7A-D963CDEE8644}"
EndProject
Project("{FAE04EC0-301F-11D3-BF4B-00C04F79EFBC}") = "ServiceInterfaceFramework.Tests", "ServiceInterfaceFramework.Tests\ServiceInterfaceFramework.Tests.csproj", "{3CE9E3B8-3140-4861-94A8-7FD9C77781AA}"
EndProject
Project("{2150E333-8FDC-42A3-9474-1A3956D46DE8}") = "Assembly", "Assembly", "{A5C6DF16-FB06-4118-BAE4-05FD8E48182D}"
	ProjectSection(SolutionItems) = preProject
		Assembly\eBay.Service.dll = Assembly\eBay.Service.dll
		Assembly\eBay.Service.SDK.Attribute.dll = Assembly\eBay.Service.SDK.Attribute.dll
		Assembly\log4net.dll = Assembly\log4net.dll
		Assembly\Moq.dll = Assembly\Moq.dll
		Assembly\nunit.framework.dll = Assembly\nunit.framework.dll
		Assembly\Should.dll = Assembly\Should.dll
	EndProjectSection
EndProject
Project("{FAE04EC0-301F-11D3-BF4B-00C04F79EFBC}") = "ServiceInterfaceFramework.Winform", "ServiceInterfaceFramework.Winform\ServiceInterfaceFramework.Winform.csproj", "{355A3CD9-F44A-49B1-BC06-F1212EB8B5B1}"
EndProject
Project("{FAE04EC0-301F-11D3-BF4B-00C04F79EFBC}") = "EbayAPILibrary", "EbayAPILib\EbayAPILibrary.csproj", "{FC76F004-1B24-4205-85AB-DAD3E47CA71A}"
EndProject
Project("{2150E333-8FDC-42A3-9474-1A3956D46DE8}") = "WCF", "WCF", "{F10BB947-BDBA-4B1F-87D4-F3CB01A6D371}"
EndProject
Project("{2150E333-8FDC-42A3-9474-1A3956D46DE8}") = "DualWithCallback", "DualWithCallback", "{F992E0F8-5D4F-43A0-9B76-B69E6BC2DD71}"
EndProject
Project("{FAE04EC0-301F-11D3-BF4B-00C04F79EFBC}") = "InventoryUploadService", "InventoryUploadService\InventoryUploadService.csproj", "{47C33D89-EC75-48CB-8B06-6BB5F8B04276}"
EndProject
Project("{FAE04EC0-301F-11D3-BF4B-00C04F79EFBC}") = "InventoryUploadClient", "InventoryUploadClient\InventoryUploadClient.csproj", "{1AC4989F-E385-4818-ABE0-C656FADF1EC8}"
	ProjectSection(ProjectDependencies) = postProject
		{47C33D89-EC75-48CB-8B06-6BB5F8B04276} = {47C33D89-EC75-48CB-8B06-6BB5F8B04276}
	EndProjectSection
EndProject
Project("{2150E333-8FDC-42A3-9474-1A3956D46DE8}") = "NetTcp", "NetTcp", "{BCCF979A-D286-4342-8C74-D476B4E2A189}"
EndProject
Project("{2150E333-8FDC-42A3-9474-1A3956D46DE8}") = "Security", "Security", "{4FD42865-8676-4A66-AB29-9432B6649772}"
EndProject
Global
	GlobalSection(SolutionConfigurationPlatforms) = preSolution
		Debug|Any CPU = Debug|Any CPU
		Release|Any CPU = Release|Any CPU
	EndGlobalSection
	GlobalSection(ProjectConfigurationPlatforms) = postSolution
		{976D45A9-E481-4B96-BA7A-D963CDEE8644}.Debug|Any CPU.ActiveCfg = Debug|Any CPU
		{976D45A9-E481-4B96-BA7A-D963CDEE8644}.Debug|Any CPU.Build.0 = Debug|Any CPU
		{976D45A9-E481-4B96-BA7A-D963CDEE8644}.Release|Any CPU.ActiveCfg = Release|Any CPU
		{976D45A9-E481-4B96-BA7A-D963CDEE8644}.Release|Any CPU.Build.0 = Release|Any CPU
		{3CE9E3B8-3140-4861-94A8-7FD9C77781AA}.Debug|Any CPU.ActiveCfg = Debug|Any CPU
		{3CE9E3B8-3140-4861-94A8-7FD9C77781AA}.Debug|Any CPU.Build.0 = Debug|Any CPU
		{3CE9E3B8-3140-4861-94A8-7FD9C77781AA}.Release|Any CPU.ActiveCfg = Release|Any CPU
		{3CE9E3B8-3140-4861-94A8-7FD9C77781AA}.Release|Any CPU.Build.0 = Release|Any CPU
		{355A3CD9-F44A-49B1-BC06-F1212EB8B5B1}.Debug|Any CPU.ActiveCfg = Debug|Any CPU
		{355A3CD9-F44A-49B1-BC06-F1212EB8B5B1}.Debug|Any CPU.Build.0 = Debug|Any CPU
		{355A3CD9-F44A-49B1-BC06-F1212EB8B5B1}.Release|Any CPU.ActiveCfg = Release|Any CPU
		{355A3CD9-F44A-49B1-BC06-F1212EB8B5B1}.Release|Any CPU.Build.0 = Release|Any CPU
		{FC76F004-1B24-4205-85AB-DAD3E47CA71A}.Debug|Any CPU.ActiveCfg = Debug|Any CPU
		{FC76F004-1B24-4205-85AB-DAD3E47CA71A}.Debug|Any CPU.Build.0 = Debug|Any CPU
		{FC76F004-1B24-4205-85AB-DAD3E47CA71A}.Release|Any CPU.ActiveCfg = Release|Any CPU
		{FC76F004-1B24-4205-85AB-DAD3E47CA71A}.Release|Any CPU.Build.0 = Release|Any CPU
		{47C33D89-EC75-48CB-8B06-6BB5F8B04276}.Debug|Any CPU.ActiveCfg = Debug|Any CPU
		{47C33D89-EC75-48CB-8B06-6BB5F8B04276}.Debug|Any CPU.Build.0 = Debug|Any CPU
		{47C33D89-EC75-48CB-8B06-6BB5F8B04276}.Release|Any CPU.ActiveCfg = Release|Any CPU
		{47C33D89-EC75-48CB-8B06-6BB5F8B04276}.Release|Any CPU.Build.0 = Release|Any CPU
		{1AC4989F-E385-4818-ABE0-C656FADF1EC8}.Debug|Any CPU.ActiveCfg = Debug|Any CPU
		{1AC4989F-E385-4818-ABE0-C656FADF1EC8}.Debug|Any CPU.Build.0 = Debug|Any CPU
		{1AC4989F-E385-4818-ABE0-C656FADF1EC8}.Release|Any CPU.ActiveCfg = Release|Any CPU
		{1AC4989F-E385-4818-ABE0-C656FADF1EC8}.Release|Any CPU.Build.0 = Release|Any CPU
	EndGlobalSection
	GlobalSection(SolutionProperties) = preSolution
		HideSolutionNode = FALSE
	EndGlobalSection
	GlobalSection(NestedProjects) = preSolution
		{F992E0F8-5D4F-43A0-9B76-B69E6BC2DD71} = {F10BB947-BDBA-4B1F-87D4-F3CB01A6D371}
		{BCCF979A-D286-4342-8C74-D476B4E2A189} = {F10BB947-BDBA-4B1F-87D4-F3CB01A6D371}
		{4FD42865-8676-4A66-AB29-9432B6649772} = {F10BB947-BDBA-4B1F-87D4-F3CB01A6D371}
		{47C33D89-EC75-48CB-8B06-6BB5F8B04276} = {F992E0F8-5D4F-43A0-9B76-B69E6BC2DD71}
		{1AC4989F-E385-4818-ABE0-C656FADF1EC8} = {F992E0F8-5D4F-43A0-9B76-B69E6BC2DD71}
	EndGlobalSection
EndGlobal
